
Microsoft Visual Studio Solution File, Format Version 12.00
Project("{FAE04EC0-301F-11D3-BF4B-00C04F79EFBC}") = "NpgSqlMultipleContexts", "NpgSqlMultipleContexts\NpgSqlMultipleContexts.csproj", "{36F0737E-1F74-48B9-BCAA-42E982A41352}"
EndProject
Global
	GlobalSection(SolutionConfigurationPlatforms) = preSolution
		Debug|Any CPU = Debug|Any CPU
		Release|Any CPU = Release|Any CPU
	EndGlobalSection
	GlobalSection(ProjectConfigurationPlatforms) = postSolution
		{36F0737E-1F74-48B9-BCAA-42E982A41352}.Debug|Any CPU.ActiveCfg = Debug|Any CPU
		{36F0737E-1F74-48B9-BCAA-42E982A41352}.Debug|Any CPU.Build.0 = Debug|Any CPU
		{36F0737E-1F74-48B9-BCAA-42E982A41352}.Release|Any CPU.ActiveCfg = Release|Any CPU
		{36F0737E-1F74-48B9-BCAA-42E982A41352}.Release|Any CPU.Build.0 = Release|Any CPU
	EndGlobalSection
EndGlobal
